
Microsoft Visual Studio Solution File, Format Version 12.00
# Visual Studio Version 17
VisualStudioVersion = 17.4.33213.308
MinimumVisualStudioVersion = 10.0.40219.1
Project("{FAE04EC0-301F-11D3-BF4B-00C04F79EFBC}") = "HBSADScheduler", "HBSADScheduler\HBSADScheduler.csproj", "{FB5014F7-1A1C-4C16-9998-774E651E99AA}"
EndProject
Global
	GlobalSection(SolutionConfigurationPlatforms) = preSolution
		Debug|Any CPU = Debug|Any CPU
		Release|Any CPU = Release|Any CPU
	EndGlobalSection
	GlobalSection(ProjectConfigurationPlatforms) = postSolution
		{FB5014F7-1A1C-4C16-9998-774E651E99AA}.Debug|Any CPU.ActiveCfg = Debug|Any CPU
		{FB5014F7-1A1C-4C16-9998-774E651E99AA}.Debug|Any CPU.Build.0 = Debug|Any CPU
		{FB5014F7-1A1C-4C16-9998-774E651E99AA}.Release|Any CPU.ActiveCfg = Release|Any CPU
		{FB5014F7-1A1C-4C16-9998-774E651E99AA}.Release|Any CPU.Build.0 = Release|Any CPU
	EndGlobalSection
	GlobalSection(SolutionProperties) = preSolution
		HideSolutionNode = FALSE
	EndGlobalSection
	GlobalSection(ExtensibilityGlobals) = postSolution
		SolutionGuid = {30DC1F51-4633-45DA-A8B4-B890242349DB}
	EndGlobalSection
EndGlobal
